
Microsoft Visual Studio Solution File, Format Version 12.00
# Visual Studio Version 17
VisualStudioVersion = 17.2.32526.322
MinimumVisualStudioVersion = 10.0.40219.1
Project("{FAE04EC0-301F-11D3-BF4B-00C04F79EFBC}") = "TheCypher01", "TheCypher01\TheCypher01.csproj", "{ACEE647D-1B3B-4272-B862-CC9B1C8AC892}"
EndProject
Global
	GlobalSection(SolutionConfigurationPlatforms) = preSolution
		Debug|Any CPU = Debug|Any CPU
		Release|Any CPU = Release|Any CPU
	EndGlobalSection
	GlobalSection(ProjectConfigurationPlatforms) = postSolution
		{ACEE647D-1B3B-4272-B862-CC9B1C8AC892}.Debug|Any CPU.ActiveCfg = Debug|Any CPU
		{ACEE647D-1B3B-4272-B862-CC9B1C8AC892}.Debug|Any CPU.Build.0 = Debug|Any CPU
		{ACEE647D-1B3B-4272-B862-CC9B1C8AC892}.Release|Any CPU.ActiveCfg = Release|Any CPU
		{ACEE647D-1B3B-4272-B862-CC9B1C8AC892}.Release|Any CPU.Build.0 = Release|Any CPU
	EndGlobalSection
	GlobalSection(SolutionProperties) = preSolution
		HideSolutionNode = FALSE
	EndGlobalSection
	GlobalSection(ExtensibilityGlobals) = postSolution
		SolutionGuid = {A7110B05-4110-45D7-81EC-9B14ADDF915A}
	EndGlobalSection
EndGlobal
